
Microsoft Visual Studio Solution File, Format Version 12.00
# Visual Studio Version 16
VisualStudioVersion = 16.0.29306.81
MinimumVisualStudioVersion = 10.0.40219.1
Project("{FAE04EC0-301F-11D3-BF4B-00C04F79EFBC}") = "WindowsFormsApp11", "WindowsFormsApp11\WindowsFormsApp11.csproj", "{4A5CAA3B-BCB5-4800-A156-C4025C438348}"
EndProject
Global
	GlobalSection(SolutionConfigurationPlatforms) = preSolution
		Debug|Any CPU = Debug|Any CPU
		Release|Any CPU = Release|Any CPU
	EndGlobalSection
	GlobalSection(ProjectConfigurationPlatforms) = postSolution
		{4A5CAA3B-BCB5-4800-A156-C4025C438348}.Debug|Any CPU.ActiveCfg = Debug|Any CPU
		{4A5CAA3B-BCB5-4800-A156-C4025C438348}.Debug|Any CPU.Build.0 = Debug|Any CPU
		{4A5CAA3B-BCB5-4800-A156-C4025C438348}.Release|Any CPU.ActiveCfg = Release|Any CPU
		{4A5CAA3B-BCB5-4800-A156-C4025C438348}.Release|Any CPU.Build.0 = Release|Any CPU
	EndGlobalSection
	GlobalSection(SolutionProperties) = preSolution
		HideSolutionNode = FALSE
	EndGlobalSection
	GlobalSection(ExtensibilityGlobals) = postSolution
		SolutionGuid = {7DE59934-F59A-4357-9843-0C7F6EDFE397}
	EndGlobalSection
EndGlobal
